
Microsoft Visual Studio Solution File, Format Version 12.00
# Visual Studio 15
VisualStudioVersion = 15.0.26430.6
MinimumVisualStudioVersion = 10.0.40219.1
Project("{FAE04EC0-301F-11D3-BF4B-00C04F79EFBC}") = "AcManager", "AcManager\AcManager.csproj", "{36F3CF0E-1754-4853-95F6-6C9FBD2C0D05}"
EndProject
Project("{FAE04EC0-301F-11D3-BF4B-00C04F79EFBC}") = "AcTools", "AcTools\AcTools.csproj", "{55B65FB4-92CB-42EF-B4BF-F287810986E1}"
EndProject
Project("{FAE04EC0-301F-11D3-BF4B-00C04F79EFBC}") = "AcManager.Controls", "AcManager.Controls\AcManager.Controls.csproj", "{B1D477C5-F639-4043-B8A6-82EA950F9890}"
EndProject
Project("{FAE04EC0-301F-11D3-BF4B-00C04F79EFBC}") = "AcManager.Tools", "AcManager.Tools\AcManager.Tools.csproj", "{764AFD18-0755-4596-839C-FEA3F492303B}"
EndProject
Project("{FAE04EC0-301F-11D3-BF4B-00C04F79EFBC}") = "FirstFloor.ModernUI", "FirstFloor.ModernUI\FirstFloor.ModernUI.csproj", "{9A653A28-FE46-40E8-A14F-48B0E325165D}"
EndProject
Project("{FAE04EC0-301F-11D3-BF4B-00C04F79EFBC}") = "AcTools.Render", "AcTools.Render\AcTools.Render.csproj", "{841DCDF5-07D3-412A-98AE-4615F1DC5DD9}"
EndProject
Project("{FAE04EC0-301F-11D3-BF4B-00C04F79EFBC}") = "CustomShowroom", "CustomShowroom\CustomShowroom.csproj", "{CF2A624B-0952-4F77-B706-F9A00584F2EF}"
EndProject
Project("{FAE04EC0-301F-11D3-BF4B-00C04F79EFBC}") = "FirstFloor.ModernUI.Tests", "FirstFloor.ModernUI.Tests\FirstFloor.ModernUI.Tests.csproj", "{0E816DC3-C775-40F5-A39B-208E7C40D800}"
EndProject
Project("{FAE04EC0-301F-11D3-BF4B-00C04F79EFBC}") = "AcManager.Tools.Tests", "AcManager.Tools.Tests\AcManager.Tools.Tests.csproj", "{F017F6B8-5237-4520-9012-3CAE3E0569FD}"
EndProject
Project("{FAE04EC0-301F-11D3-BF4B-00C04F79EFBC}") = "StringBasedFilter", "StringBasedFilter\StringBasedFilter.csproj", "{E9586699-505A-4349-9CBF-7E8AE1521207}"
EndProject
Project("{FAE04EC0-301F-11D3-BF4B-00C04F79EFBC}") = "StringBasedFilter.Tests", "StringBasedFilter.Tests\StringBasedFilter.Tests.csproj", "{AE8B296E-F557-42A5-AFCA-3371153AD45B}"
EndProject
Project("{FAE04EC0-301F-11D3-BF4B-00C04F79EFBC}") = "PreviewUpdater", "PreviewUpdater\PreviewUpdater.csproj", "{E91BBDF8-5B2F-4F19-A5A4-140E3ED50B7D}"
EndProject
Project("{FAE04EC0-301F-11D3-BF4B-00C04F79EFBC}") = "AcManager.LargeFilesSharing", "AcManager.LargeFilesSharing\AcManager.LargeFilesSharing.csproj", "{FB438F1B-BE94-494A-BD40-B6C08F0A5598}"
EndProject
Project("{FAE04EC0-301F-11D3-BF4B-00C04F79EFBC}") = "AcTools.LapTimes", "AcTools.LapTimes\AcTools.LapTimes.csproj", "{38A04388-FC0C-4E96-BED5-1DC5C6C0B18F}"
EndProject
Project("{FAE04EC0-301F-11D3-BF4B-00C04F79EFBC}") = "AcTools.Render.Tests", "AcTools.Render.Tests\AcTools.Render.Tests.csproj", "{CE18DA1A-50E8-468C-9B63-21BC5DE417CE}"
EndProject
Project("{FAE04EC0-301F-11D3-BF4B-00C04F79EFBC}") = "AcManager.ContentRepair", "AcManager.ContentRepair\AcManager.ContentRepair.csproj", "{CC98A959-9317-4C44-A2AF-4361F1BA167C}"
EndProject
Project("{FAE04EC0-301F-11D3-BF4B-00C04F79EFBC}") = "CustomPreviewUpdater", "CustomPreviewUpdater\CustomPreviewUpdater.csproj", "{4725CDA8-4C1F-43DB-888E-5DB6493483ED}"
EndProject
Project("{FAE04EC0-301F-11D3-BF4B-00C04F79EFBC}") = "LicensePlates", "LicensePlates\LicensePlates.csproj", "{BCEA4235-CCBB-4588-A223-67DEAE6C4272}"
EndProject
Project("{FAE04EC0-301F-11D3-BF4B-00C04F79EFBC}") = "LicensePlatesGenerator", "LicensePlatesGenerator\LicensePlatesGenerator.csproj", "{4DDEB5BD-5BC9-4C51-B70F-02307C15F849}"
EndProject
Project("{FAE04EC0-301F-11D3-BF4B-00C04F79EFBC}") = "AcTools.LapTimes.LevelDb", "AcTools.LapTimes.LevelDb\AcTools.LapTimes.LevelDb.csproj", "{3EFB040E-3114-4DF6-AD0E-D86AB59B5D85}"
EndProject
Project("{FAE04EC0-301F-11D3-BF4B-00C04F79EFBC}") = "AcTools.Tests", "AcTools.Tests\AcTools.Tests.csproj", "{0B6C4735-403A-4AB6-9EE8-DF073875DF46}"
EndProject
Project("{FAE04EC0-301F-11D3-BF4B-00C04F79EFBC}") = "AcManager.AcSound", "AcManager.AcSound\AcManager.AcSound.csproj", "{27FB21F7-1177-42CF-9428-57419731163B}"
EndProject
Project("{FAE04EC0-301F-11D3-BF4B-00C04F79EFBC}") = "AcTools.GenericMods", "AcTools.GenericMods\AcTools.GenericMods.csproj", "{11EAD82E-0325-44A8-9785-B02BAACD1D3E}"
EndProject
# Project("{FAE04EC0-301F-11D3-BF4B-00C04F79EFBC}") = "AcTools.NeuralTyres", "AcTools.NeuralTyres\AcTools.NeuralTyres.csproj", "{FE9D676D-5E05-491D-A998-7D561475D440}"
# EndProject
# Project("{FAE04EC0-301F-11D3-BF4B-00C04F79EFBC}") = "AcTools.NeuralTyres.Tests", "AcTools.NeuralTyres.Tests\AcTools.NeuralTyres.Tests.csproj", "{C098567B-C6FD-45AE-AE3F-85DE42F18F96}"
# EndProject
Global
	GlobalSection(SolutionConfigurationPlatforms) = preSolution
		Debug|x86 = Debug|x86
		Debug|x64 = Debug|x64
		Release|x86 = Release|x86
		Release|x64 = Release|x64
	EndGlobalSection
	GlobalSection(ProjectConfigurationPlatforms) = postSolution
		{36F3CF0E-1754-4853-95F6-6C9FBD2C0D05}.Debug|x64.ActiveCfg = Debug|x64
		{36F3CF0E-1754-4853-95F6-6C9FBD2C0D05}.Debug|x64.Build.0 = Debug|x64
		{36F3CF0E-1754-4853-95F6-6C9FBD2C0D05}.Debug|x86.ActiveCfg = Debug|x86
		{36F3CF0E-1754-4853-95F6-6C9FBD2C0D05}.Debug|x86.Build.0 = Debug|x86
		{36F3CF0E-1754-4853-95F6-6C9FBD2C0D05}.Release|x64.ActiveCfg = Release|x64
		{36F3CF0E-1754-4853-95F6-6C9FBD2C0D05}.Release|x64.Build.0 = Release|x64
		{36F3CF0E-1754-4853-95F6-6C9FBD2C0D05}.Release|x86.ActiveCfg = Release|x86
		{36F3CF0E-1754-4853-95F6-6C9FBD2C0D05}.Release|x86.Build.0 = Release|x86
		{55B65FB4-92CB-42EF-B4BF-F287810986E1}.Debug|x64.ActiveCfg = Debug|x64
		{55B65FB4-92CB-42EF-B4BF-F287810986E1}.Debug|x64.Build.0 = Debug|x64
		{55B65FB4-92CB-42EF-B4BF-F287810986E1}.Debug|x86.ActiveCfg = Debug|x86
		{55B65FB4-92CB-42EF-B4BF-F287810986E1}.Debug|x86.Build.0 = Debug|x86
		{55B65FB4-92CB-42EF-B4BF-F287810986E1}.Release|x64.ActiveCfg = Release|x64
		{55B65FB4-92CB-42EF-B4BF-F287810986E1}.Release|x64.Build.0 = Release|x64
		{55B65FB4-92CB-42EF-B4BF-F287810986E1}.Release|x86.ActiveCfg = Release|x86
		{55B65FB4-92CB-42EF-B4BF-F287810986E1}.Release|x86.Build.0 = Release|x86
		{B1D477C5-F639-4043-B8A6-82EA950F9890}.Debug|x64.ActiveCfg = Debug|x64
		{B1D477C5-F639-4043-B8A6-82EA950F9890}.Debug|x64.Build.0 = Debug|x64
		{B1D477C5-F639-4043-B8A6-82EA950F9890}.Debug|x86.ActiveCfg = Debug|x86
		{B1D477C5-F639-4043-B8A6-82EA950F9890}.Debug|x86.Build.0 = Debug|x86
		{B1D477C5-F639-4043-B8A6-82EA950F9890}.Release|x64.ActiveCfg = Release|x64
		{B1D477C5-F639-4043-B8A6-82EA950F9890}.Release|x64.Build.0 = Release|x64
		{B1D477C5-F639-4043-B8A6-82EA950F9890}.Release|x86.ActiveCfg = Release|x86
		{B1D477C5-F639-4043-B8A6-82EA950F9890}.Release|x86.Build.0 = Release|x86
		{764AFD18-0755-4596-839C-FEA3F492303B}.Debug|x64.ActiveCfg = Debug|x64
		{764AFD18-0755-4596-839C-FEA3F492303B}.Debug|x64.Build.0 = Debug|x64
		{764AFD18-0755-4596-839C-FEA3F492303B}.Debug|x86.ActiveCfg = Debug|x86
		{764AFD18-0755-4596-839C-FEA3F492303B}.Debug|x86.Build.0 = Debug|x86
		{764AFD18-0755-4596-839C-FEA3F492303B}.Release|x64.ActiveCfg = Release|x64
		{764AFD18-0755-4596-839C-FEA3F492303B}.Release|x64.Build.0 = Release|x64
		{764AFD18-0755-4596-839C-FEA3F492303B}.Release|x86.ActiveCfg = Release|x86
		{764AFD18-0755-4596-839C-FEA3F492303B}.Release|x86.Build.0 = Release|x86
		{9A653A28-FE46-40E8-A14F-48B0E325165D}.Debug|x64.ActiveCfg = Debug|x64
		{9A653A28-FE46-40E8-A14F-48B0E325165D}.Debug|x64.Build.0 = Debug|x64
		{9A653A28-FE46-40E8-A14F-48B0E325165D}.Debug|x86.ActiveCfg = Debug|x86
		{9A653A28-FE46-40E8-A14F-48B0E325165D}.Debug|x86.Build.0 = Debug|x86
		{9A653A28-FE46-40E8-A14F-48B0E325165D}.Release|x64.ActiveCfg = Release|x64
		{9A653A28-FE46-40E8-A14F-48B0E325165D}.Release|x64.Build.0 = Release|x64
		{9A653A28-FE46-40E8-A14F-48B0E325165D}.Release|x86.ActiveCfg = Release|x86
		{9A653A28-FE46-40E8-A14F-48B0E325165D}.Release|x86.Build.0 = Release|x86
		{841DCDF5-07D3-412A-98AE-4615F1DC5DD9}.Debug|x64.ActiveCfg = Debug|x64
		{841DCDF5-07D3-412A-98AE-4615F1DC5DD9}.Debug|x64.Build.0 = Debug|x64
		{841DCDF5-07D3-412A-98AE-4615F1DC5DD9}.Debug|x86.ActiveCfg = Debug|x86
		{841DCDF5-07D3-412A-98AE-4615F1DC5DD9}.Debug|x86.Build.0 = Debug|x86
		{841DCDF5-07D3-412A-98AE-4615F1DC5DD9}.Release|x64.ActiveCfg = Release|x64
		{841DCDF5-07D3-412A-98AE-4615F1DC5DD9}.Release|x64.Build.0 = Release|x64
		{841DCDF5-07D3-412A-98AE-4615F1DC5DD9}.Release|x86.ActiveCfg = Release|x86
		{841DCDF5-07D3-412A-98AE-4615F1DC5DD9}.Release|x86.Build.0 = Release|x86
		{CF2A624B-0952-4F77-B706-F9A00584F2EF}.Debug|x64.ActiveCfg = Debug|x64
		{CF2A624B-0952-4F77-B706-F9A00584F2EF}.Debug|x64.Build.0 = Debug|x64
		{CF2A624B-0952-4F77-B706-F9A00584F2EF}.Debug|x86.ActiveCfg = Debug|x86
		{CF2A624B-0952-4F77-B706-F9A00584F2EF}.Debug|x86.Build.0 = Debug|x86
		{CF2A624B-0952-4F77-B706-F9A00584F2EF}.Release|x64.ActiveCfg = Release|x64
		{CF2A624B-0952-4F77-B706-F9A00584F2EF}.Release|x86.ActiveCfg = Release|x86
		{0E816DC3-C775-40F5-A39B-208E7C40D800}.Debug|x64.ActiveCfg = Debug|x64
		{0E816DC3-C775-40F5-A39B-208E7C40D800}.Debug|x64.Build.0 = Debug|x64
		{0E816DC3-C775-40F5-A39B-208E7C40D800}.Debug|x86.ActiveCfg = Debug|x86
		{0E816DC3-C775-40F5-A39B-208E7C40D800}.Debug|x86.Build.0 = Debug|x86
		{0E816DC3-C775-40F5-A39B-208E7C40D800}.Release|x64.ActiveCfg = Release|x64
		{0E816DC3-C775-40F5-A39B-208E7C40D800}.Release|x86.ActiveCfg = Release|x86
		{F017F6B8-5237-4520-9012-3CAE3E0569FD}.Debug|x64.ActiveCfg = Debug|x64
		{F017F6B8-5237-4520-9012-3CAE3E0569FD}.Debug|x64.Build.0 = Debug|x64
		{F017F6B8-5237-4520-9012-3CAE3E0569FD}.Debug|x86.ActiveCfg = Debug|x86
		{F017F6B8-5237-4520-9012-3CAE3E0569FD}.Debug|x86.Build.0 = Debug|x86
		{F017F6B8-5237-4520-9012-3CAE3E0569FD}.Release|x64.ActiveCfg = Release|x64
		{F017F6B8-5237-4520-9012-3CAE3E0569FD}.Release|x86.ActiveCfg = Release|x86
		{E9586699-505A-4349-9CBF-7E8AE1521207}.Debug|x64.ActiveCfg = Debug|x64
		{E9586699-505A-4349-9CBF-7E8AE1521207}.Debug|x64.Build.0 = Debug|x64
		{E9586699-505A-4349-9CBF-7E8AE1521207}.Debug|x86.ActiveCfg = Debug|x86
		{E9586699-505A-4349-9CBF-7E8AE1521207}.Debug|x86.Build.0 = Debug|x86
		{E9586699-505A-4349-9CBF-7E8AE1521207}.Release|x64.ActiveCfg = Release|x64
		{E9586699-505A-4349-9CBF-7E8AE1521207}.Release|x64.Build.0 = Release|x64
		{E9586699-505A-4349-9CBF-7E8AE1521207}.Release|x86.ActiveCfg = Release|x86
		{E9586699-505A-4349-9CBF-7E8AE1521207}.Release|x86.Build.0 = Release|x86
		{AE8B296E-F557-42A5-AFCA-3371153AD45B}.Debug|x64.ActiveCfg = Debug|x64
		{AE8B296E-F557-42A5-AFCA-3371153AD45B}.Debug|x64.Build.0 = Debug|x64
		{AE8B296E-F557-42A5-AFCA-3371153AD45B}.Debug|x86.ActiveCfg = Debug|x86
		{AE8B296E-F557-42A5-AFCA-3371153AD45B}.Debug|x86.Build.0 = Debug|x86
		{AE8B296E-F557-42A5-AFCA-3371153AD45B}.Release|x64.ActiveCfg = Release|x64
		{AE8B296E-F557-42A5-AFCA-3371153AD45B}.Release|x86.ActiveCfg = Release|x86
		{E91BBDF8-5B2F-4F19-A5A4-140E3ED50B7D}.Debug|x64.ActiveCfg = Debug|x64
		{E91BBDF8-5B2F-4F19-A5A4-140E3ED50B7D}.Debug|x64.Build.0 = Debug|x64
		{E91BBDF8-5B2F-4F19-A5A4-140E3ED50B7D}.Debug|x86.ActiveCfg = Debug|x86
		{E91BBDF8-5B2F-4F19-A5A4-140E3ED50B7D}.Debug|x86.Build.0 = Debug|x86
		{E91BBDF8-5B2F-4F19-A5A4-140E3ED50B7D}.Release|x64.ActiveCfg = Release|x64
		{E91BBDF8-5B2F-4F19-A5A4-140E3ED50B7D}.Release|x86.ActiveCfg = Release|x86
		{FB438F1B-BE94-494A-BD40-B6C08F0A5598}.Debug|x64.ActiveCfg = Debug|x64
		{FB438F1B-BE94-494A-BD40-B6C08F0A5598}.Debug|x64.Build.0 = Debug|x64
		{FB438F1B-BE94-494A-BD40-B6C08F0A5598}.Debug|x86.ActiveCfg = Debug|x86
		{FB438F1B-BE94-494A-BD40-B6C08F0A5598}.Debug|x86.Build.0 = Debug|x86
		{FB438F1B-BE94-494A-BD40-B6C08F0A5598}.Release|x64.ActiveCfg = Release|x64
		{FB438F1B-BE94-494A-BD40-B6C08F0A5598}.Release|x64.Build.0 = Release|x64
		{FB438F1B-BE94-494A-BD40-B6C08F0A5598}.Release|x86.ActiveCfg = Release|x86
		{FB438F1B-BE94-494A-BD40-B6C08F0A5598}.Release|x86.Build.0 = Release|x86
		{38A04388-FC0C-4E96-BED5-1DC5C6C0B18F}.Debug|x64.ActiveCfg = Debug|x64
		{38A04388-FC0C-4E96-BED5-1DC5C6C0B18F}.Debug|x64.Build.0 = Debug|x64
		{38A04388-FC0C-4E96-BED5-1DC5C6C0B18F}.Debug|x86.ActiveCfg = Debug|x86
		{38A04388-FC0C-4E96-BED5-1DC5C6C0B18F}.Debug|x86.Build.0 = Debug|x86
		{38A04388-FC0C-4E96-BED5-1DC5C6C0B18F}.Release|x64.ActiveCfg = Release|x64
		{38A04388-FC0C-4E96-BED5-1DC5C6C0B18F}.Release|x64.Build.0 = Release|x64
		{38A04388-FC0C-4E96-BED5-1DC5C6C0B18F}.Release|x86.ActiveCfg = Release|x86
		{38A04388-FC0C-4E96-BED5-1DC5C6C0B18F}.Release|x86.Build.0 = Release|x86
		{CE18DA1A-50E8-468C-9B63-21BC5DE417CE}.Debug|x64.ActiveCfg = Debug|x64
		{CE18DA1A-50E8-468C-9B63-21BC5DE417CE}.Debug|x64.Build.0 = Debug|x64
		{CE18DA1A-50E8-468C-9B63-21BC5DE417CE}.Debug|x86.ActiveCfg = Debug|x86
		{CE18DA1A-50E8-468C-9B63-21BC5DE417CE}.Debug|x86.Build.0 = Debug|x86
		{CE18DA1A-50E8-468C-9B63-21BC5DE417CE}.Release|x64.ActiveCfg = Release|x64
		{CE18DA1A-50E8-468C-9B63-21BC5DE417CE}.Release|x64.Build.0 = Release|x64
		{CE18DA1A-50E8-468C-9B63-21BC5DE417CE}.Release|x86.ActiveCfg = Release|x86
		{CE18DA1A-50E8-468C-9B63-21BC5DE417CE}.Release|x86.Build.0 = Release|x86
		{CC98A959-9317-4C44-A2AF-4361F1BA167C}.Debug|x64.ActiveCfg = Debug|x64
		{CC98A959-9317-4C44-A2AF-4361F1BA167C}.Debug|x64.Build.0 = Debug|x64
		{CC98A959-9317-4C44-A2AF-4361F1BA167C}.Debug|x86.ActiveCfg = Debug|x86
		{CC98A959-9317-4C44-A2AF-4361F1BA167C}.Debug|x86.Build.0 = Debug|x86
		{CC98A959-9317-4C44-A2AF-4361F1BA167C}.Release|x64.ActiveCfg = Release|x64
		{CC98A959-9317-4C44-A2AF-4361F1BA167C}.Release|x64.Build.0 = Release|x64
		{CC98A959-9317-4C44-A2AF-4361F1BA167C}.Release|x86.ActiveCfg = Release|x86
		{CC98A959-9317-4C44-A2AF-4361F1BA167C}.Release|x86.Build.0 = Release|x86
		{4725CDA8-4C1F-43DB-888E-5DB6493483ED}.Debug|x64.ActiveCfg = Debug|x64
		{4725CDA8-4C1F-43DB-888E-5DB6493483ED}.Debug|x64.Build.0 = Debug|x64
		{4725CDA8-4C1F-43DB-888E-5DB6493483ED}.Debug|x86.ActiveCfg = Debug|x86
		{4725CDA8-4C1F-43DB-888E-5DB6493483ED}.Debug|x86.Build.0 = Debug|x86
		{4725CDA8-4C1F-43DB-888E-5DB6493483ED}.Release|x64.ActiveCfg = Release|x64
		{4725CDA8-4C1F-43DB-888E-5DB6493483ED}.Release|x64.Build.0 = Release|x64
		{4725CDA8-4C1F-43DB-888E-5DB6493483ED}.Release|x86.ActiveCfg = Release|x86
		{4725CDA8-4C1F-43DB-888E-5DB6493483ED}.Release|x86.Build.0 = Release|x86
		{BCEA4235-CCBB-4588-A223-67DEAE6C4272}.Debug|x64.ActiveCfg = Debug|x64
		{BCEA4235-CCBB-4588-A223-67DEAE6C4272}.Debug|x64.Build.0 = Debug|x64
		{BCEA4235-CCBB-4588-A223-67DEAE6C4272}.Debug|x86.ActiveCfg = Debug|x86
		{BCEA4235-CCBB-4588-A223-67DEAE6C4272}.Debug|x86.Build.0 = Debug|x86
		{BCEA4235-CCBB-4588-A223-67DEAE6C4272}.Release|x64.ActiveCfg = Release|x64
		{BCEA4235-CCBB-4588-A223-67DEAE6C4272}.Release|x64.Build.0 = Release|x64
		{BCEA4235-CCBB-4588-A223-67DEAE6C4272}.Release|x86.ActiveCfg = Release|x86
		{BCEA4235-CCBB-4588-A223-67DEAE6C4272}.Release|x86.Build.0 = Release|x86
		{4DDEB5BD-5BC9-4C51-B70F-02307C15F849}.Debug|x64.ActiveCfg = Debug|x64
		{4DDEB5BD-5BC9-4C51-B70F-02307C15F849}.Debug|x64.Build.0 = Debug|x64
		{4DDEB5BD-5BC9-4C51-B70F-02307C15F849}.Debug|x86.ActiveCfg = Debug|x86
		{4DDEB5BD-5BC9-4C51-B70F-02307C15F849}.Debug|x86.Build.0 = Debug|x86
		{4DDEB5BD-5BC9-4C51-B70F-02307C15F849}.Release|x64.ActiveCfg = Release|x64
		{4DDEB5BD-5BC9-4C51-B70F-02307C15F849}.Release|x64.Build.0 = Release|x64
		{4DDEB5BD-5BC9-4C51-B70F-02307C15F849}.Release|x86.ActiveCfg = Release|x86
		{4DDEB5BD-5BC9-4C51-B70F-02307C15F849}.Release|x86.Build.0 = Release|x86
		{3EFB040E-3114-4DF6-AD0E-D86AB59B5D85}.Debug|x64.ActiveCfg = Debug|x64
		{3EFB040E-3114-4DF6-AD0E-D86AB59B5D85}.Debug|x64.Build.0 = Debug|x64
		{3EFB040E-3114-4DF6-AD0E-D86AB59B5D85}.Debug|x86.ActiveCfg = Debug|x86
		{3EFB040E-3114-4DF6-AD0E-D86AB59B5D85}.Debug|x86.Build.0 = Debug|x86
		{3EFB040E-3114-4DF6-AD0E-D86AB59B5D85}.Release|x64.ActiveCfg = Release|x64
		{3EFB040E-3114-4DF6-AD0E-D86AB59B5D85}.Release|x64.Build.0 = Release|x64
		{3EFB040E-3114-4DF6-AD0E-D86AB59B5D85}.Release|x86.ActiveCfg = Release|x86
		{3EFB040E-3114-4DF6-AD0E-D86AB59B5D85}.Release|x86.Build.0 = Release|x86
		{0B6C4735-403A-4AB6-9EE8-DF073875DF46}.Debug|x64.ActiveCfg = Debug|x64
		{0B6C4735-403A-4AB6-9EE8-DF073875DF46}.Debug|x64.Build.0 = Debug|x64
		{0B6C4735-403A-4AB6-9EE8-DF073875DF46}.Debug|x86.ActiveCfg = Debug|x86
		{0B6C4735-403A-4AB6-9EE8-DF073875DF46}.Debug|x86.Build.0 = Debug|x86
		{0B6C4735-403A-4AB6-9EE8-DF073875DF46}.Release|x64.ActiveCfg = Release|x64
		{0B6C4735-403A-4AB6-9EE8-DF073875DF46}.Release|x64.Build.0 = Release|x64
		{0B6C4735-403A-4AB6-9EE8-DF073875DF46}.Release|x86.ActiveCfg = Release|x86
		{0B6C4735-403A-4AB6-9EE8-DF073875DF46}.Release|x86.Build.0 = Release|x86
		{27FB21F7-1177-42CF-9428-57419731163B}.Debug|x64.ActiveCfg = Debug|x64
		{27FB21F7-1177-42CF-9428-57419731163B}.Debug|x64.Build.0 = Debug|x64
		{27FB21F7-1177-42CF-9428-57419731163B}.Debug|x86.ActiveCfg = Debug|x86
		{27FB21F7-1177-42CF-9428-57419731163B}.Debug|x86.Build.0 = Debug|x86
		{27FB21F7-1177-42CF-9428-57419731163B}.Release|x64.ActiveCfg = Release|x64
		{27FB21F7-1177-42CF-9428-57419731163B}.Release|x64.Build.0 = Release|x64
		{27FB21F7-1177-42CF-9428-57419731163B}.Release|x86.ActiveCfg = Release|x86
		{27FB21F7-1177-42CF-9428-57419731163B}.Release|x86.Build.0 = Release|x86
		{11EAD82E-0325-44A8-9785-B02BAACD1D3E}.Debug|x64.ActiveCfg = Debug|x64
		{11EAD82E-0325-44A8-9785-B02BAACD1D3E}.Debug|x64.Build.0 = Debug|x64
		{11EAD82E-0325-44A8-9785-B02BAACD1D3E}.Debug|x86.ActiveCfg = Debug|x86
		{11EAD82E-0325-44A8-9785-B02BAACD1D3E}.Debug|x86.Build.0 = Debug|x86
		{11EAD82E-0325-44A8-9785-B02BAACD1D3E}.Release|x64.ActiveCfg = Release|x64
		{11EAD82E-0325-44A8-9785-B02BAACD1D3E}.Release|x64.Build.0 = Release|x64
		{11EAD82E-0325-44A8-9785-B02BAACD1D3E}.Release|x86.ActiveCfg = Release|x86
		{11EAD82E-0325-44A8-9785-B02BAACD1D3E}.Release|x86.Build.0 = Release|x86
		# {FE9D676D-5E05-491D-A998-7D561475D440}.Debug|x64.ActiveCfg = Debug|x64
		# {FE9D676D-5E05-491D-A998-7D561475D440}.Debug|x64.Build.0 = Debug|x64
		# {FE9D676D-5E05-491D-A998-7D561475D440}.Debug|x86.ActiveCfg = Debug|x86
		# {FE9D676D-5E05-491D-A998-7D561475D440}.Debug|x86.Build.0 = Debug|x86
		# {FE9D676D-5E05-491D-A998-7D561475D440}.Release|x64.ActiveCfg = Release|x64
		# {FE9D676D-5E05-491D-A998-7D561475D440}.Release|x64.Build.0 = Release|x64
		# {FE9D676D-5E05-491D-A998-7D561475D440}.Release|x86.ActiveCfg = Release|x86
		# {FE9D676D-5E05-491D-A998-7D561475D440}.Release|x86.Build.0 = Release|x86
		# {C098567B-C6FD-45AE-AE3F-85DE42F18F96}.Debug|x64.ActiveCfg = Debug|x64
		# {C098567B-C6FD-45AE-AE3F-85DE42F18F96}.Debug|x64.Build.0 = Debug|x64
		# {C098567B-C6FD-45AE-AE3F-85DE42F18F96}.Debug|x86.ActiveCfg = Debug|x86
		# {C098567B-C6FD-45AE-AE3F-85DE42F18F96}.Debug|x86.Build.0 = Debug|x86
		# {C098567B-C6FD-45AE-AE3F-85DE42F18F96}.Release|x64.ActiveCfg = Release|x64
		# {C098567B-C6FD-45AE-AE3F-85DE42F18F96}.Release|x64.Build.0 = Release|x64
		# {C098567B-C6FD-45AE-AE3F-85DE42F18F96}.Release|x86.ActiveCfg = Release|x86
		# {C098567B-C6FD-45AE-AE3F-85DE42F18F96}.Release|x86.Build.0 = Release|x86
	EndGlobalSection
	GlobalSection(SolutionProperties) = preSolution
		HideSolutionNode = FALSE
	EndGlobalSection
	GlobalSection(ExtensibilityGlobals) = postSolution
		RESX_SortFileContentOnSave = False
	EndGlobalSection
EndGlobal
